{
  "version": "4",
  "redirects": {
    "https://esm.sh/@supabase/supabase-js@2": "https://esm.sh/@supabase/supabase-js@2.110.7"
  },
  "remote": {
    "https://deno.land/std@0.177.0/async/abortable.ts": "73acfb3ed7261ce0d930dbe89e43db8d34e017b063cf0eaa7d215477bf53442e",
    "https://deno.land/std@0.177.0/async/deadline.ts": "c5facb0b404eede83e38bd2717ea8ab34faa2ffb20ef87fd261fcba32ba307aa",
    "https://deno.land/std@0.177.0/async/debounce.ts": "adab11d04ca38d699444ac8a9d9856b4155e8dda2afd07ce78276c01ea5a4332",
    "https://deno.land/std@0.177.0/async/deferred.ts": "42790112f36a75a57db4a96d33974a936deb7b04d25c6084a9fa8a49f135def8",
    "https://deno.land/std@0.177.0/async/delay.ts": "73aa04cec034c84fc748c7be49bb15cac3dd43a57174bfdb7a4aec22c248f0dd",
    "https://deno.land/std@0.177.0/async/mod.ts": "f04344fa21738e5ad6bea37a6bfffd57c617c2d372bb9f9dcfd118a1b622e576",
    "https://deno.land/std@0.177.0/async/mux_async_iterator.ts": "70c7f2ee4e9466161350473ad61cac0b9f115cff4c552eaa7ef9d50c4cbb4cc9",
    "https://deno.land/std@0.177.0/async/pool.ts": "fd082bd4aaf26445909889435a5c74334c017847842ec035739b4ae637ae8260",
    "https://deno.land/std@0.177.0/async/retry.ts": "5efa3ba450ac0c07a40a82e2df296287b5013755d232049efd7ea2244f15b20f",
    "https://deno.land/std@0.177.0/async/tee.ts": "47e42d35f622650b02234d43803d0383a89eb4387e1b83b5a40106d18ae36757",
    "https://deno.land/std@0.177.0/http/server.ts": "cbb17b594651215ba95c01a395700684e569c165a567e4e04bba327f41197433",
    "https://esm.sh/@supabase/supabase-js@2.110.7": "271bd1acce2a284be1c9539bc960a705314a71a322a88705f0ffce88f9e7b97c"
  },
  "workspace": {
    "packageJson": {
      "dependencies": [
        "npm:@expo-google-fonts/barlow-condensed@~0.4.1",
        "npm:@expo-google-fonts/barlow@~0.4.1",
        "npm:@react-native-async-storage/async-storage@2.2.0",
        "npm:@react-native-community/netinfo@11.4.1",
        "npm:@react-navigation/native-stack@^7.14.12",
        "npm:@react-navigation/native@^7.2.2",
        "npm:@sentry/react-native@7.2",
        "npm:@supabase/supabase-js@^2.105.0",
        "npm:@tanstack/react-query@^5.101.2",
        "npm:@testing-library/react-native@^14.0.1",
        "npm:@types/jest@30",
        "npm:@types/react@^19.2.17",
        "npm:@typescript-eslint/eslint-plugin@^8.63.0",
        "npm:@typescript-eslint/parser@^8.63.0",
        "npm:babel-preset-expo@~54.0.11",
        "npm:eslint-config-expo@57",
        "npm:eslint@^8.57.1",
        "npm:expo-application@~7.0.8",
        "npm:expo-build-properties@~1.0.10",
        "npm:expo-clipboard@~8.0.8",
        "npm:expo-crypto@~15.0.9",
        "npm:expo-device@~8.0.10",
        "npm:expo-file-system@~19.0.22",
        "npm:expo-font@~14.0.11",
        "npm:expo-image-manipulator@~14.0.8",
        "npm:expo-image-picker@~17.0.11",
        "npm:expo-image@~3.0.11",
        "npm:expo-intent-launcher@~13.0.8",
        "npm:expo-linking@~8.0.12",
        "npm:expo-network-security-config@^1.1.2",
        "npm:expo-notifications@~0.32.17",
        "npm:expo-print@~15.0.8",
        "npm:expo-secure-store@~15.0.8",
        "npm:expo-sharing@~14.0.8",
        "npm:expo-splash-screen@~31.0.13",
        "npm:expo-sqlite@~16.0.10",
        "npm:expo-status-bar@~3.0.9",
        "npm:expo-web-browser@~15.0.11",
        "npm:expo@~54.0.33",
        "npm:jest-expo@~54.0.8",
        "npm:jest@^29.7.0",
        "npm:lottie-react-native@^7.3.6",
        "npm:react-native-blob-util@~0.24.9",
        "npm:react-native-pdf@^7.0.4",
        "npm:react-native-reanimated@3.19",
        "npm:react-native-safe-area-context@5.6",
        "npm:react-native-screens@4.16",
        "npm:react-native-svg@15.12.1",
        "npm:react-native-view-shot@4.0.3",
        "npm:react-native-webview@13.15.0",
        "npm:react-native@0.81.5",
        "npm:react-test-renderer@19.1.0",
        "npm:react@19.1.0",
        "npm:ts-jest@^29.4.11",
        "npm:typescript@^5.9.3",
        "npm:zustand@^5.0.14"
      ]
    }
  }
}
